
Microsoft Visual Studio Solution File, Format Version 12.00
# Visual Studio Version 17
VisualStudioVersion = 17.6.33815.320
MinimumVisualStudioVersion = 10.0.40219.1
Project("{FAE04EC0-301F-11D3-BF4B-00C04F79EFBC}") = "ConsoleApp1", "ConsoleApp1.csproj", "{9ABACE6C-14F4-4851-827F-16706C70E205}"
EndProject
Global
	GlobalSection(SolutionConfigurationPlatforms) = preSolution
		Debug|Any CPU = Debug|Any CPU
		Release|Any CPU = Release|Any CPU
	EndGlobalSection
	GlobalSection(ProjectConfigurationPlatforms) = postSolution
		{9ABACE6C-14F4-4851-827F-16706C70E205}.Debug|Any CPU.ActiveCfg = Debug|Any CPU
		{9ABACE6C-14F4-4851-827F-16706C70E205}.Debug|Any CPU.Build.0 = Debug|Any CPU
		{9ABACE6C-14F4-4851-827F-16706C70E205}.Release|Any CPU.ActiveCfg = Release|Any CPU
		{9ABACE6C-14F4-4851-827F-16706C70E205}.Release|Any CPU.Build.0 = Release|Any CPU
	EndGlobalSection
	GlobalSection(SolutionProperties) = preSolution
		HideSolutionNode = FALSE
	EndGlobalSection
	GlobalSection(ExtensibilityGlobals) = postSolution
		SolutionGuid = {15D0E56C-4692-4469-9ED0-8A64A25E494E}
	EndGlobalSection
EndGlobal
